
Microsoft Visual Studio Solution File, Format Version 12.00
# Visual Studio 15
VisualStudioVersion = 15.0.28307.2092
MinimumVisualStudioVersion = 10.0.40219.1
Project("{8BC9CEB8-8B4A-11D0-8D11-00A0C91BC942}") = "C_01", "C_01\C_01.vcxproj", "{8ECB64E3-BF85-444C-A6DB-8AF7C42C9AC0}"
EndProject
Project("{8BC9CEB8-8B4A-11D0-8D11-00A0C91BC942}") = "C_02 函数", "C_02\C_02.vcxproj", "{8DB36678-2707-4D42-91FE-A53FBEEB8504}"
EndProject
Project("{8BC9CEB8-8B4A-11D0-8D11-00A0C91BC942}") = "递归", "递归\递归.vcxproj", "{778A6064-FC56-4CCA-B2B4-E1CA8EAD322F}"
EndProject
Project("{8BC9CEB8-8B4A-11D0-8D11-00A0C91BC942}") = "C_03 数组", "C_03\C_03.vcxproj", "{68E63A86-CC46-43A3-AEAA-8C55B8355362}"
EndProject
Project("{8BC9CEB8-8B4A-11D0-8D11-00A0C91BC942}") = "C_04 操作符", "C_04\C_04.vcxproj", "{E58CB822-5288-4EA5-9290-8C358BFCDECA}"
EndProject
Project("{8BC9CEB8-8B4A-11D0-8D11-00A0C91BC942}") = "三子棋", "三子棋\三子棋.vcxproj", "{500626A3-5FD4-4409-9D9B-A7C61A81B67C}"
EndProject
Project("{8BC9CEB8-8B4A-11D0-8D11-00A0C91BC942}") = "扫雷", "扫雷\扫雷.vcxproj", "{A39C234D-8BC7-48F4-8BE7-7DFFB619BEE3}"
EndProject
Project("{8BC9CEB8-8B4A-11D0-8D11-00A0C91BC942}") = "C_05 指针", "C_05 指针\C_05 指针.vcxproj", "{A44B72E4-D6E7-41F2-895D-C3FBA90C3867}"
EndProject
Project("{8BC9CEB8-8B4A-11D0-8D11-00A0C91BC942}") = "C_06 结构体", "C_06 结构体\C_06 结构体.vcxproj", "{996E9B35-BC75-410E-A368-F8986C466374}"
EndProject
Project("{8BC9CEB8-8B4A-11D0-8D11-00A0C91BC942}") = "作业", "作业\作业.vcxproj", "{2C5AEFA4-DF44-4A2A-A693-8739E20F58F6}"
EndProject
Project("{8BC9CEB8-8B4A-11D0-8D11-00A0C91BC942}") = "调试技巧", "调试技巧\调试技巧.vcxproj", "{1606C44A-F0F0-4A1F-A5DC-DF39B3736D69}"
EndProject
Global
	GlobalSection(SolutionConfigurationPlatforms) = preSolution
		Debug|x64 = Debug|x64
		Debug|x86 = Debug|x86
		Release|x64 = Release|x64
		Release|x86 = Release|x86
	EndGlobalSection
	GlobalSection(ProjectConfigurationPlatforms) = postSolution
		{8ECB64E3-BF85-444C-A6DB-8AF7C42C9AC0}.Debug|x64.ActiveCfg = Debug|x64
		{8ECB64E3-BF85-444C-A6DB-8AF7C42C9AC0}.Debug|x64.Build.0 = Debug|x64
		{8ECB64E3-BF85-444C-A6DB-8AF7C42C9AC0}.Debug|x86.ActiveCfg = Debug|Win32
		{8ECB64E3-BF85-444C-A6DB-8AF7C42C9AC0}.Debug|x86.Build.0 = Debug|Win32
		{8ECB64E3-BF85-444C-A6DB-8AF7C42C9AC0}.Release|x64.ActiveCfg = Release|x64
		{8ECB64E3-BF85-444C-A6DB-8AF7C42C9AC0}.Release|x64.Build.0 = Release|x64
		{8ECB64E3-BF85-444C-A6DB-8AF7C42C9AC0}.Release|x86.ActiveCfg = Release|Win32
		{8ECB64E3-BF85-444C-A6DB-8AF7C42C9AC0}.Release|x86.Build.0 = Release|Win32
		{8DB36678-2707-4D42-91FE-A53FBEEB8504}.Debug|x64.ActiveCfg = Debug|x64
		{8DB36678-2707-4D42-91FE-A53FBEEB8504}.Debug|x64.Build.0 = Debug|x64
		{8DB36678-2707-4D42-91FE-A53FBEEB8504}.Debug|x86.ActiveCfg = Debug|Win32
		{8DB36678-2707-4D42-91FE-A53FBEEB8504}.Debug|x86.Build.0 = Debug|Win32
		{8DB36678-2707-4D42-91FE-A53FBEEB8504}.Release|x64.ActiveCfg = Release|x64
		{8DB36678-2707-4D42-91FE-A53FBEEB8504}.Release|x64.Build.0 = Release|x64
		{8DB36678-2707-4D42-91FE-A53FBEEB8504}.Release|x86.ActiveCfg = Release|Win32
		{8DB36678-2707-4D42-91FE-A53FBEEB8504}.Release|x86.Build.0 = Release|Win32
		{778A6064-FC56-4CCA-B2B4-E1CA8EAD322F}.Debug|x64.ActiveCfg = Debug|x64
		{778A6064-FC56-4CCA-B2B4-E1CA8EAD322F}.Debug|x64.Build.0 = Debug|x64
		{778A6064-FC56-4CCA-B2B4-E1CA8EAD322F}.Debug|x86.ActiveCfg = Debug|Win32
		{778A6064-FC56-4CCA-B2B4-E1CA8EAD322F}.Debug|x86.Build.0 = Debug|Win32
		{778A6064-FC56-4CCA-B2B4-E1CA8EAD322F}.Release|x64.ActiveCfg = Release|x64
		{778A6064-FC56-4CCA-B2B4-E1CA8EAD322F}.Release|x64.Build.0 = Release|x64
		{778A6064-FC56-4CCA-B2B4-E1CA8EAD322F}.Release|x86.ActiveCfg = Release|Win32
		{778A6064-FC56-4CCA-B2B4-E1CA8EAD322F}.Release|x86.Build.0 = Release|Win32
		{68E63A86-CC46-43A3-AEAA-8C55B8355362}.Debug|x64.ActiveCfg = Debug|x64
		{68E63A86-CC46-43A3-AEAA-8C55B8355362}.Debug|x64.Build.0 = Debug|x64
		{68E63A86-CC46-43A3-AEAA-8C55B8355362}.Debug|x86.ActiveCfg = Debug|Win32
		{68E63A86-CC46-43A3-AEAA-8C55B8355362}.Debug|x86.Build.0 = Debug|Win32
		{68E63A86-CC46-43A3-AEAA-8C55B8355362}.Release|x64.ActiveCfg = Release|x64
		{68E63A86-CC46-43A3-AEAA-8C55B8355362}.Release|x64.Build.0 = Release|x64
		{68E63A86-CC46-43A3-AEAA-8C55B8355362}.Release|x86.ActiveCfg = Release|Win32
		{68E63A86-CC46-43A3-AEAA-8C55B8355362}.Release|x86.Build.0 = Release|Win32
		{E58CB822-5288-4EA5-9290-8C358BFCDECA}.Debug|x64.ActiveCfg = Debug|x64
		{E58CB822-5288-4EA5-9290-8C358BFCDECA}.Debug|x64.Build.0 = Debug|x64
		{E58CB822-5288-4EA5-9290-8C358BFCDECA}.Debug|x86.ActiveCfg = Debug|Win32
		{E58CB822-5288-4EA5-9290-8C358BFCDECA}.Debug|x86.Build.0 = Debug|Win32
		{E58CB822-5288-4EA5-9290-8C358BFCDECA}.Release|x64.ActiveCfg = Release|x64
		{E58CB822-5288-4EA5-9290-8C358BFCDECA}.Release|x64.Build.0 = Release|x64
		{E58CB822-5288-4EA5-9290-8C358BFCDECA}.Release|x86.ActiveCfg = Release|Win32
		{E58CB822-5288-4EA5-9290-8C358BFCDECA}.Release|x86.Build.0 = Release|Win32
		{500626A3-5FD4-4409-9D9B-A7C61A81B67C}.Debug|x64.ActiveCfg = Debug|x64
		{500626A3-5FD4-4409-9D9B-A7C61A81B67C}.Debug|x64.Build.0 = Debug|x64
		{500626A3-5FD4-4409-9D9B-A7C61A81B67C}.Debug|x86.ActiveCfg = Debug|Win32
		{500626A3-5FD4-4409-9D9B-A7C61A81B67C}.Debug|x86.Build.0 = Debug|Win32
		{500626A3-5FD4-4409-9D9B-A7C61A81B67C}.Release|x64.ActiveCfg = Release|x64
		{500626A3-5FD4-4409-9D9B-A7C61A81B67C}.Release|x64.Build.0 = Release|x64
		{500626A3-5FD4-4409-9D9B-A7C61A81B67C}.Release|x86.ActiveCfg = Release|Win32
		{500626A3-5FD4-4409-9D9B-A7C61A81B67C}.Release|x86.Build.0 = Release|Win32
		{A39C234D-8BC7-48F4-8BE7-7DFFB619BEE3}.Debug|x64.ActiveCfg = Debug|x64
		{A39C234D-8BC7-48F4-8BE7-7DFFB619BEE3}.Debug|x64.Build.0 = Debug|x64
		{A39C234D-8BC7-48F4-8BE7-7DFFB619BEE3}.Debug|x86.ActiveCfg = Debug|Win32
		{A39C234D-8BC7-48F4-8BE7-7DFFB619BEE3}.Debug|x86.Build.0 = Debug|Win32
		{A39C234D-8BC7-48F4-8BE7-7DFFB619BEE3}.Release|x64.ActiveCfg = Release|x64
		{A39C234D-8BC7-48F4-8BE7-7DFFB619BEE3}.Release|x64.Build.0 = Release|x64
		{A39C234D-8BC7-48F4-8BE7-7DFFB619BEE3}.Release|x86.ActiveCfg = Release|Win32
		{A39C234D-8BC7-48F4-8BE7-7DFFB619BEE3}.Release|x86.Build.0 = Release|Win32
		{A44B72E4-D6E7-41F2-895D-C3FBA90C3867}.Debug|x64.ActiveCfg = Debug|x64
		{A44B72E4-D6E7-41F2-895D-C3FBA90C3867}.Debug|x64.Build.0 = Debug|x64
		{A44B72E4-D6E7-41F2-895D-C3FBA90C3867}.Debug|x86.ActiveCfg = Debug|Win32
		{A44B72E4-D6E7-41F2-895D-C3FBA90C3867}.Debug|x86.Build.0 = Debug|Win32
		{A44B72E4-D6E7-41F2-895D-C3FBA90C3867}.Release|x64.ActiveCfg = Release|x64
		{A44B72E4-D6E7-41F2-895D-C3FBA90C3867}.Release|x64.Build.0 = Release|x64
		{A44B72E4-D6E7-41F2-895D-C3FBA90C3867}.Release|x86.ActiveCfg = Release|Win32
		{A44B72E4-D6E7-41F2-895D-C3FBA90C3867}.Release|x86.Build.0 = Release|Win32
		{996E9B35-BC75-410E-A368-F8986C466374}.Debug|x64.ActiveCfg = Debug|x64
		{996E9B35-BC75-410E-A368-F8986C466374}.Debug|x64.Build.0 = Debug|x64
		{996E9B35-BC75-410E-A368-F8986C466374}.Debug|x86.ActiveCfg = Debug|Win32
		{996E9B35-BC75-410E-A368-F8986C466374}.Debug|x86.Build.0 = Debug|Win32
		{996E9B35-BC75-410E-A368-F8986C466374}.Release|x64.ActiveCfg = Release|x64
		{996E9B35-BC75-410E-A368-F8986C466374}.Release|x64.Build.0 = Release|x64
		{996E9B35-BC75-410E-A368-F8986C466374}.Release|x86.ActiveCfg = Release|Win32
		{996E9B35-BC75-410E-A368-F8986C466374}.Release|x86.Build.0 = Release|Win32
		{2C5AEFA4-DF44-4A2A-A693-8739E20F58F6}.Debug|x64.ActiveCfg = Debug|x64
		{2C5AEFA4-DF44-4A2A-A693-8739E20F58F6}.Debug|x64.Build.0 = Debug|x64
		{2C5AEFA4-DF44-4A2A-A693-8739E20F58F6}.Debug|x86.ActiveCfg = Debug|Win32
		{2C5AEFA4-DF44-4A2A-A693-8739E20F58F6}.Debug|x86.Build.0 = Debug|Win32
		{2C5AEFA4-DF44-4A2A-A693-8739E20F58F6}.Release|x64.ActiveCfg = Release|x64
		{2C5AEFA4-DF44-4A2A-A693-8739E20F58F6}.Release|x64.Build.0 = Release|x64
		{2C5AEFA4-DF44-4A2A-A693-8739E20F58F6}.Release|x86.ActiveCfg = Release|Win32
		{2C5AEFA4-DF44-4A2A-A693-8739E20F58F6}.Release|x86.Build.0 = Release|Win32
		{1606C44A-F0F0-4A1F-A5DC-DF39B3736D69}.Debug|x64.ActiveCfg = Debug|x64
		{1606C44A-F0F0-4A1F-A5DC-DF39B3736D69}.Debug|x64.Build.0 = Debug|x64
		{1606C44A-F0F0-4A1F-A5DC-DF39B3736D69}.Debug|x86.ActiveCfg = Debug|Win32
		{1606C44A-F0F0-4A1F-A5DC-DF39B3736D69}.Debug|x86.Build.0 = Debug|Win32
		{1606C44A-F0F0-4A1F-A5DC-DF39B3736D69}.Release|x64.ActiveCfg = Release|x64
		{1606C44A-F0F0-4A1F-A5DC-DF39B3736D69}.Release|x64.Build.0 = Release|x64
		{1606C44A-F0F0-4A1F-A5DC-DF39B3736D69}.Release|x86.ActiveCfg = Release|Win32
		{1606C44A-F0F0-4A1F-A5DC-DF39B3736D69}.Release|x86.Build.0 = Release|Win32
	EndGlobalSection
	GlobalSection(SolutionProperties) = preSolution
		HideSolutionNode = FALSE
	EndGlobalSection
	GlobalSection(ExtensibilityGlobals) = postSolution
		SolutionGuid = {73DE1D27-F89D-4DF9-BBC1-12F40BA514E9}
	EndGlobalSection
EndGlobal
